// !$*UTF8*$!
{
	archiveVersion = 1;
	classes = {
	};
	objectVersion = 56;
	objects = {

/* Begin PBXBuildFile section */
		E54C7B5C2B4D58E9000A3C3E /* Framework-List.swift in Sources */ = {isa = PBXBuildFile; fileRef = E54C7B5B2B4D58E8000A3C3E /* Framework-List.swift */; };
		E54C7B5F2B4D5934000A3C3E /* AFButton.swift in Sources */ = {isa = PBXBuildFile; fileRef = E54C7B5E2B4D5934000A3C3E /* AFButton.swift */; };
		E54C7B612B4D5E41000A3C3E /* Framework-Cell.swift in Sources */ = {isa = PBXBuildFile; fileRef = E54C7B602B4D5E40000A3C3E /* Framework-Cell.swift */; };
		E54C7B632B4D5EA4000A3C3E /* Framework-List-Cell.swift in Sources */ = {isa = PBXBuildFile; fileRef = E54C7B622B4D5EA4000A3C3E /* Framework-List-Cell.swift */; };
		E54C7B652B4D64B7000A3C3E /* Framework_List_model.swift in Sources */ = {isa = PBXBuildFile; fileRef = E54C7B642B4D64B7000A3C3E /* Framework_List_model.swift */; };
		E54C7B672B4D678A000A3C3E /* Framework_view.swift in Sources */ = {isa = PBXBuildFile; fileRef = E54C7B662B4D678A000A3C3E /* Framework_view.swift */; };
		E58FF5BA2B49B6D80072FEE5 /* Apple_FramwworksApp.swift in Sources */ = {isa = PBXBuildFile; fileRef = E58FF5B92B49B6D80072FEE5 /* Apple_FramwworksApp.swift */; };
		E58FF5BE2B49B6DA0072FEE5 /* Assets.xcassets in Resources */ = {isa = PBXBuildFile; fileRef = E58FF5BD2B49B6DA0072FEE5 /* Assets.xcassets */; };
		E58FF5C12B49B6DA0072FEE5 /* Preview Assets.xcassets in Resources */ = {isa = PBXBuildFile; fileRef = E58FF5C02B49B6DA0072FEE5 /* Preview Assets.xcassets */; };
		E58FF5C82B49B7180072FEE5 /* Framwork.swift in Sources */ = {isa = PBXBuildFile; fileRef = E58FF5C72B49B7180072FEE5 /* Framwork.swift */; };
		E58FF5CA2B49FACE0072FEE5 /* Framework-Grid-View.swift in Sources */ = {isa = PBXBuildFile; fileRef = E58FF5C92B49FACE0072FEE5 /* Framework-Grid-View.swift */; };
		E58FF5CC2B4B320B0072FEE5 /* Framework_detailView.swift in Sources */ = {isa = PBXBuildFile; fileRef = E58FF5CB2B4B320B0072FEE5 /* Framework_detailView.swift */; };
		E58FF5CE2B4B39400072FEE5 /* Framework-Grid-View-Model.swift in Sources */ = {isa = PBXBuildFile; fileRef = E58FF5CD2B4B39400072FEE5 /* Framework-Grid-View-Model.swift */; };
/* End PBXBuildFile section */

/* Begin PBXFileReference section */
		E54C7B5B2B4D58E8000A3C3E /* Framework-List.swift */ = {isa = PBXFileReference; lastKnownFileType = sourcecode.swift; path = "Framework-List.swift"; sourceTree = "<group>"; };
		E54C7B5E2B4D5934000A3C3E /* AFButton.swift */ = {isa = PBXFileReference; lastKnownFileType = sourcecode.swift; path = AFButton.swift; sourceTree = "<group>"; };
		E54C7B602B4D5E40000A3C3E /* Framework-Cell.swift */ = {isa = PBXFileReference; lastKnownFileType = sourcecode.swift; path = "Framework-Cell.swift"; sourceTree = "<group>"; };
		E54C7B622B4D5EA4000A3C3E /* Framework-List-Cell.swift */ = {isa = PBXFileReference; lastKnownFileType = sourcecode.swift; path = "Framework-List-Cell.swift"; sourceTree = "<group>"; };
		E54C7B642B4D64B7000A3C3E /* Framework_List_model.swift */ = {isa = PBXFileReference; lastKnownFileType = sourcecode.swift; path = Framework_List_model.swift; sourceTree = "<group>"; };
		E54C7B662B4D678A000A3C3E /* Framework_view.swift */ = {isa = PBXFileReference; lastKnownFileType = sourcecode.swift; path = Framework_view.swift; sourceTree = "<group>"; };
		E58FF5B62B49B6D80072FEE5 /* Apple-Framwworks.app */ = {isa = PBXFileReference; explicitFileType = wrapper.application; includeInIndex = 0; path = "Apple-Framwworks.app"; sourceTree = BUILT_PRODUCTS_DIR; };
		E58FF5B92B49B6D80072FEE5 /* Apple_FramwworksApp.swift */ = {isa = PBXFileReference; lastKnownFileType = sourcecode.swift; path = Apple_FramwworksApp.swift; sourceTree = "<group>"; };
		E58FF5BD2B49B6DA0072FEE5 /* Assets.xcassets */ = {isa = PBXFileReference; lastKnownFileType = folder.assetcatalog; path = Assets.xcassets; sourceTree = "<group>"; };
		E58FF5C02B49B6DA0072FEE5 /* Preview Assets.xcassets */ = {isa = PBXFileReference; lastKnownFileType = folder.assetcatalog; path = "Preview Assets.xcassets"; sourceTree = "<group>"; };
		E58FF5C72B49B7180072FEE5 /* Framwork.swift */ = {isa = PBXFileReference; lastKnownFileType = sourcecode.swift; path = Framwork.swift; sourceTree = "<group>"; };
		E58FF5C92B49FACE0072FEE5 /* Framework-Grid-View.swift */ = {isa = PBXFileReference; lastKnownFileType = sourcecode.swift; path = "Framework-Grid-View.swift"; sourceTree = "<group>"; };
		E58FF5CB2B4B320B0072FEE5 /* Framework_detailView.swift */ = {isa = PBXFileReference; lastKnownFileType = sourcecode.swift; path = Framework_detailView.swift; sourceTree = "<group>"; };
		E58FF5CD2B4B39400072FEE5 /* Framework-Grid-View-Model.swift */ = {isa = PBXFileReference; lastKnownFileType = sourcecode.swift; path = "Framework-Grid-View-Model.swift"; sourceTree = "<group>"; };
/* End PBXFileReference section */

/* Begin PBXFrameworksBuildPhase section */
		E58FF5B32B49B6D80072FEE5 /* Frameworks */ = {
			isa = PBXFrameworksBuildPhase;
			buildActionMask = 2147483647;
			files = (
			);
			runOnlyForDeploymentPostprocessing = 0;
		};
/* End PBXFrameworksBuildPhase section */

/* Begin PBXGroup section */
		E54C7B5A2B4D58CD000A3C3E /* Framework-List */ = {
			isa = PBXGroup;
			children = (
				E54C7B5B2B4D58E8000A3C3E /* Framework-List.swift */,
				E54C7B642B4D64B7000A3C3E /* Framework_List_model.swift */,
			);
			path = "Framework-List";
			sourceTree = "<group>";
		};
		E54C7B5D2B4D5902000A3C3E /* Views */ = {
			isa = PBXGroup;
			children = (
				E54C7B5E2B4D5934000A3C3E /* AFButton.swift */,
				E54C7B602B4D5E40000A3C3E /* Framework-Cell.swift */,
				E54C7B622B4D5EA4000A3C3E /* Framework-List-Cell.swift */,
			);
			path = Views;
			sourceTree = "<group>";
		};
		E58A33482B4EF5B9006B650B /* Screenshot */ = {
			isa = PBXGroup;
			children = (
			);
			path = Screenshot;
			sourceTree = "<group>";
		};
		E58FF5AD2B49B6D80072FEE5 = {
			isa = PBXGroup;
			children = (
				E58FF5B82B49B6D80072FEE5 /* Apple-Framwworks */,
				E58FF5B72B49B6D80072FEE5 /* Products */,
			);
			sourceTree = "<group>";
		};
		E58FF5B72B49B6D80072FEE5 /* Products */ = {
			isa = PBXGroup;
			children = (
				E58FF5B62B49B6D80072FEE5 /* Apple-Framwworks.app */,
			);
			name = Products;
			sourceTree = "<group>";
		};
		E58FF5B82B49B6D80072FEE5 /* Apple-Framwworks */ = {
			isa = PBXGroup;
			children = (
				E58A33482B4EF5B9006B650B /* Screenshot */,
				E54C7B5D2B4D5902000A3C3E /* Views */,
				E58FF5EC2B4C89C30072FEE5 /* Models */,
				E58FF5E92B4C89500072FEE5 /* Screen */,
				E58FF5B92B49B6D80072FEE5 /* Apple_FramwworksApp.swift */,
				E58FF5BD2B49B6DA0072FEE5 /* Assets.xcassets */,
				E58FF5BF2B49B6DA0072FEE5 /* Preview Content */,
			);
			path = "Apple-Framwworks";
			sourceTree = "<group>";
		};
		E58FF5BF2B49B6DA0072FEE5 /* Preview Content */ = {
			isa = PBXGroup;
			children = (
				E58FF5C02B49B6DA0072FEE5 /* Preview Assets.xcassets */,
			);
			path = "Preview Content";
			sourceTree = "<group>";
		};
		E58FF5E92B4C89500072FEE5 /* Screen */ = {
			isa = PBXGroup;
			children = (
				E54C7B5A2B4D58CD000A3C3E /* Framework-List */,
				E58FF5EB2B4C89A10072FEE5 /* Framework-detailedView */,
				E58FF5EA2B4C897C0072FEE5 /* Framework-Grid */,
				E54C7B662B4D678A000A3C3E /* Framework_view.swift */,
			);
			path = Screen;
			sourceTree = "<group>";
		};
		E58FF5EA2B4C897C0072FEE5 /* Framework-Grid */ = {
			isa = PBXGroup;
			children = (
				E58FF5CD2B4B39400072FEE5 /* Framework-Grid-View-Model.swift */,
				E58FF5C92B49FACE0072FEE5 /* Framework-Grid-View.swift */,
			);
			path = "Framework-Grid";
			sourceTree = "<group>";
		};
		E58FF5EB2B4C89A10072FEE5 /* Framework-detailedView */ = {
			isa = PBXGroup;
			children = (
				E58FF5CB2B4B320B0072FEE5 /* Framework_detailView.swift */,
			);
			path = "Framework-detailedView";
			sourceTree = "<group>";
		};
		E58FF5EC2B4C89C30072FEE5 /* Models */ = {
			isa = PBXGroup;
			children = (
				E58FF5C72B49B7180072FEE5 /* Framwork.swift */,
			);
			path = Models;
			sourceTree = "<group>";
		};
/* End PBXGroup section */

/* Begin PBXNativeTarget section */
		E58FF5B52B49B6D80072FEE5 /* Apple-Framwworks */ = {
			isa = PBXNativeTarget;
			buildConfigurationList = E58FF5C42B49B6DA0072FEE5 /* Build configuration list for PBXNativeTarget "Apple-Framwworks" */;
			buildPhases = (
				E58FF5B22B49B6D80072FEE5 /* Sources */,
				E58FF5B32B49B6D80072FEE5 /* Frameworks */,
				E58FF5B42B49B6D80072FEE5 /* Resources */,
			);
			buildRules = (
			);
			dependencies = (
			);
			name = "Apple-Framwworks";
			productName = "Apple-Framwworks";
			productReference = E58FF5B62B49B6D80072FEE5 /* Apple-Framwworks.app */;
			productType = "com.apple.product-type.application";
		};
/* End PBXNativeTarget section */

/* Begin PBXProject section */
		E58FF5AE2B49B6D80072FEE5 /* Project object */ = {
			isa = PBXProject;
			attributes = {
				BuildIndependentTargetsInParallel = 1;
				LastSwiftUpdateCheck = 1510;
				LastUpgradeCheck = 1510;
				TargetAttributes = {
					E58FF5B52B49B6D80072FEE5 = {
						CreatedOnToolsVersion = 15.1;
					};
				};
			};
			buildConfigurationList = E58FF5B12B49B6D80072FEE5 /* Build configuration list for PBXProject "Apple-Framwworks" */;
			compatibilityVersion = "Xcode 14.0";
			developmentRegion = en;
			hasScannedForEncodings = 0;
			knownRegions = (
				en,
				Base,
			);
			mainGroup = E58FF5AD2B49B6D80072FEE5;
			productRefGroup = E58FF5B72B49B6D80072FEE5 /* Products */;
			projectDirPath = "";
			projectRoot = "";
			targets = (
				E58FF5B52B49B6D80072FEE5 /* Apple-Framwworks */,
			);
		};
/* End PBXProject section */

/* Begin PBXResourcesBuildPhase section */
		E58FF5B42B49B6D80072FEE5 /* Resources */ = {
			isa = PBXResourcesBuildPhase;
			buildActionMask = 2147483647;
			files = (
				E58FF5C12B49B6DA0072FEE5 /* Preview Assets.xcassets in Resources */,
				E58FF5BE2B49B6DA0072FEE5 /* Assets.xcassets in Resources */,
			);
			runOnlyForDeploymentPostprocessing = 0;
		};
/* End PBXResourcesBuildPhase section */

/* Begin PBXSourcesBuildPhase section */
		E58FF5B22B49B6D80072FEE5 /* Sources */ = {
			isa = PBXSourcesBuildPhase;
			buildActionMask = 2147483647;
			files = (
				E54C7B5F2B4D5934000A3C3E /* AFButton.swift in Sources */,
				E54C7B5C2B4D58E9000A3C3E /* Framework-List.swift in Sources */,
				E54C7B612B4D5E41000A3C3E /* Framework-Cell.swift in Sources */,
				E58FF5CC2B4B320B0072FEE5 /* Framework_detailView.swift in Sources */,
				E58FF5CA2B49FACE0072FEE5 /* Framework-Grid-View.swift in Sources */,
				E54C7B632B4D5EA4000A3C3E /* Framework-List-Cell.swift in Sources */,
				E54C7B672B4D678A000A3C3E /* Framework_view.swift in Sources */,
				E54C7B652B4D64B7000A3C3E /* Framework_List_model.swift in Sources */,
				E58FF5CE2B4B39400072FEE5 /* Framework-Grid-View-Model.swift in Sources */,
				E58FF5C82B49B7180072FEE5 /* Framwork.swift in Sources */,
				E58FF5BA2B49B6D80072FEE5 /* Apple_FramwworksApp.swift in Sources */,
			);
			runOnlyForDeploymentPostprocessing = 0;
		};
/* End PBXSourcesBuildPhase section */

/* Begin XCBuildConfiguration section */
		E58FF5C22B49B6DA0072FEE5 /* Debug */ = {
			isa = XCBuildConfiguration;
			buildSettings = {
				ALWAYS_SEARCH_USER_PATHS = NO;
				ASSETCATALOG_COMPILER_GENERATE_SWIFT_ASSET_SYMBOL_EXTENSIONS = YES;
				CLANG_ANALYZER_NONNULL = YES;
				CLANG_ANALYZER_NUMBER_OBJECT_CONVERSION = YES_AGGRESSIVE;
				CLANG_CXX_LANGUAGE_STANDARD = "gnu++20";
				CLANG_ENABLE_MODULES = YES;
				CLANG_ENABLE_OBJC_ARC = YES;
				CLANG_ENABLE_OBJC_WEAK = YES;
				CLANG_WARN_BLOCK_CAPTURE_AUTORELEASING = YES;
				CLANG_WARN_BOOL_CONVERSION = YES;
				CLANG_WARN_COMMA = YES;
				CLANG_WARN_CONSTANT_CONVERSION = YES;
				CLANG_WARN_DEPRECATED_OBJC_IMPLEMENTATIONS = YES;
				CLANG_WARN_DIRECT_OBJC_ISA_USAGE = YES_ERROR;
				CLANG_WARN_DOCUMENTATION_COMMENTS = YES;
				CLANG_WARN_EMPTY_BODY = YES;
				CLANG_WARN_ENUM_CONVERSION = YES;
				CLANG_WARN_INFINITE_RECURSION = YES;
				CLANG_WARN_INT_CONVERSION = YES;
				CLANG_WARN_NON_LITERAL_NULL_CONVERSION = YES;
				CLANG_WARN_OBJC_IMPLICIT_RETAIN_SELF = YES;
				CLANG_WARN_OBJC_LITERAL_CONVERSION = YES;
				CLANG_WARN_OBJC_ROOT_CLASS = YES_ERROR;
				CLANG_WARN_QUOTED_INCLUDE_IN_FRAMEWORK_HEADER = YES;
				CLANG_WARN_RANGE_LOOP_ANALYSIS = YES;
				CLANG_WARN_STRICT_PROTOTYPES = YES;
				CLANG_WARN_SUSPICIOUS_MOVE = YES;
				CLANG_WARN_UNGUARDED_AVAILABILITY = YES_AGGRESSIVE;
				CLANG_WARN_UNREACHABLE_CODE = YES;
				CLANG_WARN__DUPLICATE_METHOD_MATCH = YES;
				COPY_PHASE_STRIP = NO;
				DEBUG_INFORMATION_FORMAT = dwarf;
				ENABLE_STRICT_OBJC_MSGSEND = YES;
				ENABLE_TESTABILITY = YES;
				ENABLE_USER_SCRIPT_SANDBOXING = YES;
				GCC_C_LANGUAGE_STANDARD = gnu17;
				GCC_DYNAMIC_NO_PIC = NO;
				GCC_NO_COMMON_BLOCKS = YES;
				GCC_OPTIMIZATION_LEVEL = 0;
				GCC_PREPROCESSOR_DEFINITIONS = (
					"DEBUG=1",
					"$(inherited)",
				);
				GCC_WARN_64_TO_32_BIT_CONVERSION = YES;
				GCC_WARN_ABOUT_RETURN_TYPE = YES_ERROR;
				GCC_WARN_UNDECLARED_SELECTOR = YES;
				GCC_WARN_UNINITIALIZED_AUTOS = YES_AGGRESSIVE;
				GCC_WARN_UNUSED_FUNCTION = YES;
				GCC_WARN_UNUSED_VARIABLE = YES;
				IPHONEOS_DEPLOYMENT_TARGET = 17.2;
				LOCALIZATION_PREFERS_STRING_CATALOGS = YES;
				MTL_ENABLE_DEBUG_INFO = INCLUDE_SOURCE;
				MTL_FAST_MATH = YES;
				ONLY_ACTIVE_ARCH = YES;
				SDKROOT = iphoneos;
				SWIFT_ACTIVE_COMPILATION_CONDITIONS = "DEBUG $(inherited)";
				SWIFT_OPTIMIZATION_LEVEL = "-Onone";
			};
			name = Debug;
		};
		E58FF5C32B49B6DA0072FEE5 /* Release */ = {
			isa = XCBuildConfiguration;
			buildSettings = {
				ALWAYS_SEARCH_USER_PATHS = NO;
				ASSETCATALOG_COMPILER_GENERATE_SWIFT_ASSET_SYMBOL_EXTENSIONS = YES;
				CLANG_ANALYZER_NONNULL = YES;
				CLANG_ANALYZER_NUMBER_OBJECT_CONVERSION = YES_AGGRESSIVE;
				CLANG_CXX_LANGUAGE_STANDARD = "gnu++20";
				CLANG_ENABLE_MODULES = YES;
				CLANG_ENABLE_OBJC_ARC = YES;
				CLANG_ENABLE_OBJC_WEAK = YES;
				CLANG_WARN_BLOCK_CAPTURE_AUTORELEASING = YES;
				CLANG_WARN_BOOL_CONVERSION = YES;
				CLANG_WARN_COMMA = YES;
				CLANG_WARN_CONSTANT_CONVERSION = YES;
				CLANG_WARN_DEPRECATED_OBJC_IMPLEMENTATIONS = YES;
				CLANG_WARN_DIRECT_OBJC_ISA_USAGE = YES_ERROR;
				CLANG_WARN_DOCUMENTATION_COMMENTS = YES;
				CLANG_WARN_EMPTY_BODY = YES;
				CLANG_WARN_ENUM_CONVERSION = YES;
				CLANG_WARN_INFINITE_RECURSION = YES;
				CLANG_WARN_INT_CONVERSION = YES;
				CLANG_WARN_NON_LITERAL_NULL_CONVERSION = YES;
				CLANG_WARN_OBJC_IMPLICIT_RETAIN_SELF = YES;
				CLANG_WARN_OBJC_LITERAL_CONVERSION = YES;
				CLANG_WARN_OBJC_ROOT_CLASS = YES_ERROR;
				CLANG_WARN_QUOTED_INCLUDE_IN_FRAMEWORK_HEADER = YES;
				CLANG_WARN_RANGE_LOOP_ANALYSIS = YES;
				CLANG_WARN_STRICT_PROTOTYPES = YES;
				CLANG_WARN_SUSPICIOUS_MOVE = YES;
				CLANG_WARN_UNGUARDED_AVAILABILITY = YES_AGGRESSIVE;
				CLANG_WARN_UNREACHABLE_CODE = YES;
				CLANG_WARN__DUPLICATE_METHOD_MATCH = YES;
				COPY_PHASE_STRIP = NO;
				DEBUG_INFORMATION_FORMAT = "dwarf-with-dsym";
				ENABLE_NS_ASSERTIONS = NO;
				ENABLE_STRICT_OBJC_MSGSEND = YES;
				ENABLE_USER_SCRIPT_SANDBOXING = YES;
				GCC_C_LANGUAGE_STANDARD = gnu17;
				GCC_NO_COMMON_BLOCKS = YES;
				GCC_WARN_64_TO_32_BIT_CONVERSION = YES;
				GCC_WARN_ABOUT_RETURN_TYPE = YES_ERROR;
				GCC_WARN_UNDECLARED_SELECTOR = YES;
				GCC_WARN_UNINITIALIZED_AUTOS = YES_AGGRESSIVE;
				GCC_WARN_UNUSED_FUNCTION = YES;
				GCC_WARN_UNUSED_VARIABLE = YES;
				IPHONEOS_DEPLOYMENT_TARGET = 17.2;
				LOCALIZATION_PREFERS_STRING_CATALOGS = YES;
				MTL_ENABLE_DEBUG_INFO = NO;
				MTL_FAST_MATH = YES;
				SDKROOT = iphoneos;
				SWIFT_COMPILATION_MODE = wholemodule;
				VALIDATE_PRODUCT = YES;
			};
			name = Release;
		};
		E58FF5C52B49B6DA0072FEE5 /* Debug */ = {
			isa = XCBuildConfiguration;
			buildSettings = {
				ASSETCATALOG_COMPILER_APPICON_NAME = AppIcon;
				ASSETCATALOG_COMPILER_GLOBAL_ACCENT_COLOR_NAME = AccentColor;
				CODE_SIGN_STYLE = Automatic;
				CURRENT_PROJECT_VERSION = 1;
				DEVELOPMENT_ASSET_PATHS = "\"Apple-Framwworks/Preview Content\"";
				ENABLE_PREVIEWS = YES;
				GENERATE_INFOPLIST_FILE = YES;
				INFOPLIST_KEY_UIApplicationSceneManifest_Generation = YES;
				INFOPLIST_KEY_UIApplicationSupportsIndirectInputEvents = YES;
				INFOPLIST_KEY_UILaunchScreen_Generation = YES;
				INFOPLIST_KEY_UISupportedInterfaceOrientations_iPad = "UIInterfaceOrientationPortrait UIInterfaceOrientationPortraitUpsideDown UIInterfaceOrientationLandscapeLeft UIInterfaceOrientationLandscapeRight";
				INFOPLIST_KEY_UISupportedInterfaceOrientations_iPhone = "UIInterfaceOrientationPortrait UIInterfaceOrientationLandscapeLeft UIInterfaceOrientationLandscapeRight";
				LD_RUNPATH_SEARCH_PATHS = (
					"$(inherited)",
					"@executable_path/Frameworks",
				);
				MARKETING_VERSION = 1.0;
				PRODUCT_BUNDLE_IDENTIFIER = "ca.mayank.Apple-Framwworks";
				PRODUCT_NAME = "$(TARGET_NAME)";
				SWIFT_EMIT_LOC_STRINGS = YES;
				SWIFT_VERSION = 5.0;
				TARGETED_DEVICE_FAMILY = "1,2";
			};
			name = Debug;
		};
		E58FF5C62B49B6DA0072FEE5 /* Release */ = {
			isa = XCBuildConfiguration;
			buildSettings = {
				ASSETCATALOG_COMPILER_APPICON_NAME = AppIcon;
				ASSETCATALOG_COMPILER_GLOBAL_ACCENT_COLOR_NAME = AccentColor;
				CODE_SIGN_STYLE = Automatic;
				CURRENT_PROJECT_VERSION = 1;
				DEVELOPMENT_ASSET_PATHS = "\"Apple-Framwworks/Preview Content\"";
				ENABLE_PREVIEWS = YES;
				GENERATE_INFOPLIST_FILE = YES;
				INFOPLIST_KEY_UIApplicationSceneManifest_Generation = YES;
				INFOPLIST_KEY_UIApplicationSupportsIndirectInputEvents = YES;
				INFOPLIST_KEY_UILaunchScreen_Generation = YES;
				INFOPLIST_KEY_UISupportedInterfaceOrientations_iPad = "UIInterfaceOrientationPortrait UIInterfaceOrientationPortraitUpsideDown UIInterfaceOrientationLandscapeLeft UIInterfaceOrientationLandscapeRight";
				INFOPLIST_KEY_UISupportedInterfaceOrientations_iPhone = "UIInterfaceOrientationPortrait UIInterfaceOrientationLandscapeLeft UIInterfaceOrientationLandscapeRight";
				LD_RUNPATH_SEARCH_PATHS = (
					"$(inherited)",
					"@executable_path/Frameworks",
				);
				MARKETING_VERSION = 1.0;
				PRODUCT_BUNDLE_IDENTIFIER = "ca.mayank.Apple-Framwworks";
				PRODUCT_NAME = "$(TARGET_NAME)";
				SWIFT_EMIT_LOC_STRINGS = YES;
				SWIFT_VERSION = 5.0;
				TARGETED_DEVICE_FAMILY = "1,2";
			};
			name = Release;
		};
/* End XCBuildConfiguration section */

/* Begin XCConfigurationList section */
		E58FF5B12B49B6D80072FEE5 /* Build configuration list for PBXProject "Apple-Framwworks" */ = {
			isa = XCConfigurationList;
			buildConfigurations = (
				E58FF5C22B49B6DA0072FEE5 /* Debug */,
				E58FF5C32B49B6DA0072FEE5 /* Release */,
			);
			defaultConfigurationIsVisible = 0;
			defaultConfigurationName = Release;
		};
		E58FF5C42B49B6DA0072FEE5 /* Build configuration list for PBXNativeTarget "Apple-Framwworks" */ = {
			isa = XCConfigurationList;
			buildConfigurations = (
				E58FF5C52B49B6DA0072FEE5 /* Debug */,
				E58FF5C62B49B6DA0072FEE5 /* Release */,
			);
			defaultConfigurationIsVisible = 0;
			defaultConfigurationName = Release;
		};
/* End XCConfigurationList section */
	};
	rootObject = E58FF5AE2B49B6D80072FEE5 /* Project object */;
}
